
Microsoft Visual Studio Solution File, Format Version 12.00
# Visual Studio Version 16
VisualStudioVersion = 16.0.32228.343
MinimumVisualStudioVersion = 10.0.40219.1
Project("{2150E333-8FDC-42A3-9474-1A3956D46DE8}") = "App", "App", "{EB5C3FDC-E7E1-489B-821E-B57BD96D6391}"
EndProject
Project("{2150E333-8FDC-42A3-9474-1A3956D46DE8}") = "ResourceAccess", "ResourceAccess", "{E2D6663D-3E29-44D0-8C17-629364F6C349}"
EndProject
Project("{2150E333-8FDC-42A3-9474-1A3956D46DE8}") = "UI", "UI", "{CB242964-29AE-4987-8C67-B5A3B39134AC}"
EndProject
Project("{FAE04EC0-301F-11D3-BF4B-00C04F79EFBC}") = "CuidadosModernos.Business.Domain", "CuidadosModernos.Domain\CuidadosModernos.Business.Domain.csproj", "{94FB9A76-68D4-4839-B937-C61EB92EDB22}"
EndProject
Project("{FAE04EC0-301F-11D3-BF4B-00C04F79EFBC}") = "CuidadosModernos.Repository", "CuidadosModernos.Repository\CuidadosModernos.Repository.csproj", "{BCAD7EE7-6456-46FB-B994-8E2E12E4815D}"
EndProject
Project("{FAE04EC0-301F-11D3-BF4B-00C04F79EFBC}") = "CuidadosModernos.Repository.Config", "CuidadosModernos.Repository.Config\CuidadosModernos.Repository.Config.csproj", "{97BBBE9E-94BF-4569-B992-0D4BC77B0BCF}"
EndProject
Project("{2150E333-8FDC-42A3-9474-1A3956D46DE8}") = "Business", "Business", "{F0A6A1A2-F695-421F-A28C-AD557345CFF4}"
EndProject
Project("{2150E333-8FDC-42A3-9474-1A3956D46DE8}") = "Cross", "Cross", "{F4BA7B5B-B095-443C-A7CC-BD546D63656D}"
EndProject
Project("{2150E333-8FDC-42A3-9474-1A3956D46DE8}") = "Business", "Business", "{29B5A228-04F6-4E4A-B6C1-EE1901C7199A}"
EndProject
Project("{FAE04EC0-301F-11D3-BF4B-00C04F79EFBC}") = "Cross.Business.Domain", "Cross.Business.Domain\Cross.Business.Domain.csproj", "{6BFD3615-EBA5-41C9-B35C-848CC2E678BC}"
EndProject
Project("{2150E333-8FDC-42A3-9474-1A3956D46DE8}") = "ResourceAccess", "ResourceAccess", "{BB341C74-0A2F-4F2E-A72C-1E8820039495}"
EndProject
Project("{FAE04EC0-301F-11D3-BF4B-00C04F79EFBC}") = "Cross.ResourceAccess.Repository", "Cross.ResourceAccess.Repository\Cross.ResourceAccess.Repository.csproj", "{391F37EF-E3AE-448E-A2C1-A14A77C01BB4}"
EndProject
Project("{2150E333-8FDC-42A3-9474-1A3956D46DE8}") = "Crosscutting", "Crosscutting", "{0FB92957-7B39-443F-837C-FB2969C3EF59}"
EndProject
Project("{FAE04EC0-301F-11D3-BF4B-00C04F79EFBC}") = "Cross.Crosscutting.Globalization", "Cross.Crosscutting.Globalization\Cross.Crosscutting.Globalization.csproj", "{74316E56-2B93-404A-82F9-DE4FD3CB77DC}"
EndProject
Project("{FAE04EC0-301F-11D3-BF4B-00C04F79EFBC}") = "CuidadosModernos.Business.Domain.Commands", "CuidadosModernos.Business.Domain.Commands\CuidadosModernos.Business.Domain.Commands.csproj", "{72538403-5E57-4FD6-BFB7-AB2AD2A3F62F}"
EndProject
Project("{FAE04EC0-301F-11D3-BF4B-00C04F79EFBC}") = "CuidadosModernos.Business.Domain.Queries", "CuidadosModernos.Business.Domain.Queries\CuidadosModernos.Business.Domain.Queries.csproj", "{B409CD89-D69B-4CAB-AE32-58D82A0D9437}"
EndProject
Project("{FAE04EC0-301F-11D3-BF4B-00C04F79EFBC}") = "Cross.Business.Domain.TestUnit", "Cross.Business.Domain.TestUnit\Cross.Business.Domain.TestUnit.csproj", "{4A3943B8-43ED-406D-9198-5D04555F66B5}"
EndProject
Project("{2150E333-8FDC-42A3-9474-1A3956D46DE8}") = "Tests", "Tests", "{3BF94662-0259-4F7E-B0B6-857EC7A9641B}"
EndProject
Project("{FAE04EC0-301F-11D3-BF4B-00C04F79EFBC}") = "Cross.Tests", "Cross.Tests\Cross.Tests.csproj", "{296C90D7-DAF2-4F3A-9CCF-6A9405701903}"
EndProject
Project("{FAE04EC0-301F-11D3-BF4B-00C04F79EFBC}") = "CuidadosModernos.Business.Logic", "CuidadosModernos.Business.Logic\CuidadosModernos.Business.Logic.csproj", "{3AE30E73-D9F4-4102-A368-6DCBBB55662F}"
EndProject
Project("{FAE04EC0-301F-11D3-BF4B-00C04F79EFBC}") = "Cross.Business.Logic", "Cross.Business.Logic\Cross.Business.Logic.csproj", "{44C10290-9940-4E44-A3A4-B768B687A7A3}"
EndProject
Project("{2150E333-8FDC-42A3-9474-1A3956D46DE8}") = "BusinessService", "BusinessService", "{A5C6AE4C-7880-4DED-9F6B-2EB89A1BF3B2}"
EndProject
Project("{FAE04EC0-301F-11D3-BF4B-00C04F79EFBC}") = "Cross.BusinessService.Interfaces", "Cross.BusinessService.Interfaces\Cross.BusinessService.Interfaces.csproj", "{020A709C-B3C1-4420-AF91-37FDBFE00001}"
EndProject
Project("{2150E333-8FDC-42A3-9474-1A3956D46DE8}") = "BusinessService", "BusinessService", "{89EB1A08-11C1-4536-BA24-B70FE00C1603}"
EndProject
Project("{FAE04EC0-301F-11D3-BF4B-00C04F79EFBC}") = "CuidadosModernos.BusinessService.Interfaces", "CuidadosModernos.BusinessService.Interfaces\CuidadosModernos.BusinessService.Interfaces.csproj", "{22234ECC-A2E6-40EB-81C9-7D0A857023C9}"
EndProject
Project("{FAE04EC0-301F-11D3-BF4B-00C04F79EFBC}") = "Cross.Crosscutting.Exceptions", "Cross.Crosscutting.Exceptions\Cross.Crosscutting.Exceptions.csproj", "{562A093D-5B29-42F1-B2F3-9EA0CF221F70}"
EndProject
Project("{2150E333-8FDC-42A3-9474-1A3956D46DE8}") = "CrossCutting", "CrossCutting", "{ADA201FC-81F0-4AAF-B1E6-5829EE34DC7B}"
EndProject
Project("{FAE04EC0-301F-11D3-BF4B-00C04F79EFBC}") = "CuidadosModernos.CrossCutting.Globalization", "CuidadosModernos.CrossCutting.Exceptions\CuidadosModernos.CrossCutting.Globalization.csproj", "{182F36D1-E6B0-4CD9-A8AE-72B78A198A94}"
EndProject
Global
	GlobalSection(SolutionConfigurationPlatforms) = preSolution
		Debug|Any CPU = Debug|Any CPU
		Release|Any CPU = Release|Any CPU
	EndGlobalSection
	GlobalSection(ProjectConfigurationPlatforms) = postSolution
		{94FB9A76-68D4-4839-B937-C61EB92EDB22}.Debug|Any CPU.ActiveCfg = Debug|Any CPU
		{94FB9A76-68D4-4839-B937-C61EB92EDB22}.Debug|Any CPU.Build.0 = Debug|Any CPU
		{94FB9A76-68D4-4839-B937-C61EB92EDB22}.Release|Any CPU.ActiveCfg = Release|Any CPU
		{94FB9A76-68D4-4839-B937-C61EB92EDB22}.Release|Any CPU.Build.0 = Release|Any CPU
		{BCAD7EE7-6456-46FB-B994-8E2E12E4815D}.Debug|Any CPU.ActiveCfg = Debug|Any CPU
		{BCAD7EE7-6456-46FB-B994-8E2E12E4815D}.Debug|Any CPU.Build.0 = Debug|Any CPU
		{BCAD7EE7-6456-46FB-B994-8E2E12E4815D}.Release|Any CPU.ActiveCfg = Release|Any CPU
		{BCAD7EE7-6456-46FB-B994-8E2E12E4815D}.Release|Any CPU.Build.0 = Release|Any CPU
		{97BBBE9E-94BF-4569-B992-0D4BC77B0BCF}.Debug|Any CPU.ActiveCfg = Debug|Any CPU
		{97BBBE9E-94BF-4569-B992-0D4BC77B0BCF}.Debug|Any CPU.Build.0 = Debug|Any CPU
		{97BBBE9E-94BF-4569-B992-0D4BC77B0BCF}.Release|Any CPU.ActiveCfg = Release|Any CPU
		{97BBBE9E-94BF-4569-B992-0D4BC77B0BCF}.Release|Any CPU.Build.0 = Release|Any CPU
		{6BFD3615-EBA5-41C9-B35C-848CC2E678BC}.Debug|Any CPU.ActiveCfg = Debug|Any CPU
		{6BFD3615-EBA5-41C9-B35C-848CC2E678BC}.Debug|Any CPU.Build.0 = Debug|Any CPU
		{6BFD3615-EBA5-41C9-B35C-848CC2E678BC}.Release|Any CPU.ActiveCfg = Release|Any CPU
		{6BFD3615-EBA5-41C9-B35C-848CC2E678BC}.Release|Any CPU.Build.0 = Release|Any CPU
		{391F37EF-E3AE-448E-A2C1-A14A77C01BB4}.Debug|Any CPU.ActiveCfg = Debug|Any CPU
		{391F37EF-E3AE-448E-A2C1-A14A77C01BB4}.Debug|Any CPU.Build.0 = Debug|Any CPU
		{391F37EF-E3AE-448E-A2C1-A14A77C01BB4}.Release|Any CPU.ActiveCfg = Release|Any CPU
		{391F37EF-E3AE-448E-A2C1-A14A77C01BB4}.Release|Any CPU.Build.0 = Release|Any CPU
		{74316E56-2B93-404A-82F9-DE4FD3CB77DC}.Debug|Any CPU.ActiveCfg = Debug|Any CPU
		{74316E56-2B93-404A-82F9-DE4FD3CB77DC}.Debug|Any CPU.Build.0 = Debug|Any CPU
		{74316E56-2B93-404A-82F9-DE4FD3CB77DC}.Release|Any CPU.ActiveCfg = Release|Any CPU
		{74316E56-2B93-404A-82F9-DE4FD3CB77DC}.Release|Any CPU.Build.0 = Release|Any CPU
		{72538403-5E57-4FD6-BFB7-AB2AD2A3F62F}.Debug|Any CPU.ActiveCfg = Debug|Any CPU
		{72538403-5E57-4FD6-BFB7-AB2AD2A3F62F}.Debug|Any CPU.Build.0 = Debug|Any CPU
		{72538403-5E57-4FD6-BFB7-AB2AD2A3F62F}.Release|Any CPU.ActiveCfg = Release|Any CPU
		{72538403-5E57-4FD6-BFB7-AB2AD2A3F62F}.Release|Any CPU.Build.0 = Release|Any CPU
		{B409CD89-D69B-4CAB-AE32-58D82A0D9437}.Debug|Any CPU.ActiveCfg = Debug|Any CPU
		{B409CD89-D69B-4CAB-AE32-58D82A0D9437}.Debug|Any CPU.Build.0 = Debug|Any CPU
		{B409CD89-D69B-4CAB-AE32-58D82A0D9437}.Release|Any CPU.ActiveCfg = Release|Any CPU
		{B409CD89-D69B-4CAB-AE32-58D82A0D9437}.Release|Any CPU.Build.0 = Release|Any CPU
		{4A3943B8-43ED-406D-9198-5D04555F66B5}.Debug|Any CPU.ActiveCfg = Debug|Any CPU
		{4A3943B8-43ED-406D-9198-5D04555F66B5}.Debug|Any CPU.Build.0 = Debug|Any CPU
		{4A3943B8-43ED-406D-9198-5D04555F66B5}.Release|Any CPU.ActiveCfg = Release|Any CPU
		{4A3943B8-43ED-406D-9198-5D04555F66B5}.Release|Any CPU.Build.0 = Release|Any CPU
		{296C90D7-DAF2-4F3A-9CCF-6A9405701903}.Debug|Any CPU.ActiveCfg = Debug|Any CPU
		{296C90D7-DAF2-4F3A-9CCF-6A9405701903}.Debug|Any CPU.Build.0 = Debug|Any CPU
		{296C90D7-DAF2-4F3A-9CCF-6A9405701903}.Release|Any CPU.ActiveCfg = Release|Any CPU
		{296C90D7-DAF2-4F3A-9CCF-6A9405701903}.Release|Any CPU.Build.0 = Release|Any CPU
		{3AE30E73-D9F4-4102-A368-6DCBBB55662F}.Debug|Any CPU.ActiveCfg = Debug|Any CPU
		{3AE30E73-D9F4-4102-A368-6DCBBB55662F}.Debug|Any CPU.Build.0 = Debug|Any CPU
		{3AE30E73-D9F4-4102-A368-6DCBBB55662F}.Release|Any CPU.ActiveCfg = Release|Any CPU
		{3AE30E73-D9F4-4102-A368-6DCBBB55662F}.Release|Any CPU.Build.0 = Release|Any CPU
		{44C10290-9940-4E44-A3A4-B768B687A7A3}.Debug|Any CPU.ActiveCfg = Debug|Any CPU
		{44C10290-9940-4E44-A3A4-B768B687A7A3}.Debug|Any CPU.Build.0 = Debug|Any CPU
		{44C10290-9940-4E44-A3A4-B768B687A7A3}.Release|Any CPU.ActiveCfg = Release|Any CPU
		{44C10290-9940-4E44-A3A4-B768B687A7A3}.Release|Any CPU.Build.0 = Release|Any CPU
		{020A709C-B3C1-4420-AF91-37FDBFE00001}.Debug|Any CPU.ActiveCfg = Debug|Any CPU
		{020A709C-B3C1-4420-AF91-37FDBFE00001}.Debug|Any CPU.Build.0 = Debug|Any CPU
		{020A709C-B3C1-4420-AF91-37FDBFE00001}.Release|Any CPU.ActiveCfg = Release|Any CPU
		{020A709C-B3C1-4420-AF91-37FDBFE00001}.Release|Any CPU.Build.0 = Release|Any CPU
		{22234ECC-A2E6-40EB-81C9-7D0A857023C9}.Debug|Any CPU.ActiveCfg = Debug|Any CPU
		{22234ECC-A2E6-40EB-81C9-7D0A857023C9}.Debug|Any CPU.Build.0 = Debug|Any CPU
		{22234ECC-A2E6-40EB-81C9-7D0A857023C9}.Release|Any CPU.ActiveCfg = Release|Any CPU
		{22234ECC-A2E6-40EB-81C9-7D0A857023C9}.Release|Any CPU.Build.0 = Release|Any CPU
		{562A093D-5B29-42F1-B2F3-9EA0CF221F70}.Debug|Any CPU.ActiveCfg = Debug|Any CPU
		{562A093D-5B29-42F1-B2F3-9EA0CF221F70}.Debug|Any CPU.Build.0 = Debug|Any CPU
		{562A093D-5B29-42F1-B2F3-9EA0CF221F70}.Release|Any CPU.ActiveCfg = Release|Any CPU
		{562A093D-5B29-42F1-B2F3-9EA0CF221F70}.Release|Any CPU.Build.0 = Release|Any CPU
		{182F36D1-E6B0-4CD9-A8AE-72B78A198A94}.Debug|Any CPU.ActiveCfg = Debug|Any CPU
		{182F36D1-E6B0-4CD9-A8AE-72B78A198A94}.Debug|Any CPU.Build.0 = Debug|Any CPU
		{182F36D1-E6B0-4CD9-A8AE-72B78A198A94}.Release|Any CPU.ActiveCfg = Release|Any CPU
		{182F36D1-E6B0-4CD9-A8AE-72B78A198A94}.Release|Any CPU.Build.0 = Release|Any CPU
	EndGlobalSection
	GlobalSection(SolutionProperties) = preSolution
		HideSolutionNode = FALSE
	EndGlobalSection
	GlobalSection(NestedProjects) = preSolution
		{E2D6663D-3E29-44D0-8C17-629364F6C349} = {EB5C3FDC-E7E1-489B-821E-B57BD96D6391}
		{CB242964-29AE-4987-8C67-B5A3B39134AC} = {EB5C3FDC-E7E1-489B-821E-B57BD96D6391}
		{94FB9A76-68D4-4839-B937-C61EB92EDB22} = {F0A6A1A2-F695-421F-A28C-AD557345CFF4}
		{BCAD7EE7-6456-46FB-B994-8E2E12E4815D} = {E2D6663D-3E29-44D0-8C17-629364F6C349}
		{97BBBE9E-94BF-4569-B992-0D4BC77B0BCF} = {E2D6663D-3E29-44D0-8C17-629364F6C349}
		{F0A6A1A2-F695-421F-A28C-AD557345CFF4} = {EB5C3FDC-E7E1-489B-821E-B57BD96D6391}
		{29B5A228-04F6-4E4A-B6C1-EE1901C7199A} = {F4BA7B5B-B095-443C-A7CC-BD546D63656D}
		{6BFD3615-EBA5-41C9-B35C-848CC2E678BC} = {29B5A228-04F6-4E4A-B6C1-EE1901C7199A}
		{BB341C74-0A2F-4F2E-A72C-1E8820039495} = {F4BA7B5B-B095-443C-A7CC-BD546D63656D}
		{391F37EF-E3AE-448E-A2C1-A14A77C01BB4} = {BB341C74-0A2F-4F2E-A72C-1E8820039495}
		{0FB92957-7B39-443F-837C-FB2969C3EF59} = {F4BA7B5B-B095-443C-A7CC-BD546D63656D}
		{74316E56-2B93-404A-82F9-DE4FD3CB77DC} = {0FB92957-7B39-443F-837C-FB2969C3EF59}
		{72538403-5E57-4FD6-BFB7-AB2AD2A3F62F} = {F0A6A1A2-F695-421F-A28C-AD557345CFF4}
		{B409CD89-D69B-4CAB-AE32-58D82A0D9437} = {F0A6A1A2-F695-421F-A28C-AD557345CFF4}
		{4A3943B8-43ED-406D-9198-5D04555F66B5} = {29B5A228-04F6-4E4A-B6C1-EE1901C7199A}
		{3BF94662-0259-4F7E-B0B6-857EC7A9641B} = {F4BA7B5B-B095-443C-A7CC-BD546D63656D}
		{296C90D7-DAF2-4F3A-9CCF-6A9405701903} = {3BF94662-0259-4F7E-B0B6-857EC7A9641B}
		{3AE30E73-D9F4-4102-A368-6DCBBB55662F} = {F0A6A1A2-F695-421F-A28C-AD557345CFF4}
		{44C10290-9940-4E44-A3A4-B768B687A7A3} = {29B5A228-04F6-4E4A-B6C1-EE1901C7199A}
		{A5C6AE4C-7880-4DED-9F6B-2EB89A1BF3B2} = {F4BA7B5B-B095-443C-A7CC-BD546D63656D}
		{020A709C-B3C1-4420-AF91-37FDBFE00001} = {A5C6AE4C-7880-4DED-9F6B-2EB89A1BF3B2}
		{89EB1A08-11C1-4536-BA24-B70FE00C1603} = {EB5C3FDC-E7E1-489B-821E-B57BD96D6391}
		{22234ECC-A2E6-40EB-81C9-7D0A857023C9} = {89EB1A08-11C1-4536-BA24-B70FE00C1603}
		{562A093D-5B29-42F1-B2F3-9EA0CF221F70} = {0FB92957-7B39-443F-837C-FB2969C3EF59}
		{ADA201FC-81F0-4AAF-B1E6-5829EE34DC7B} = {EB5C3FDC-E7E1-489B-821E-B57BD96D6391}
		{182F36D1-E6B0-4CD9-A8AE-72B78A198A94} = {ADA201FC-81F0-4AAF-B1E6-5829EE34DC7B}
	EndGlobalSection
	GlobalSection(ExtensibilityGlobals) = postSolution
		SolutionGuid = {A6F931EB-B129-4736-9228-E83488DEC69E}
		EnterpriseLibraryConfigurationToolBinariesPathV6 = packages\EnterpriseLibrary.Common.6.0.1304.0\lib\NET45;packages\EnterpriseLibrary.Validation.6.0.1304.0\lib\NET45
	EndGlobalSection
EndGlobal
